
Microsoft Visual Studio Solution File, Format Version 12.00
# Visual Studio 15
VisualStudioVersion = 15.0.28307.421
MinimumVisualStudioVersion = 10.0.40219.1
Project("{8BC9CEB8-8B4A-11D0-8D11-00A0C91BC942}") = "Project7.0", "Project7.0\Project7.0.vcxproj", "{018D82E5-CECE-4BD5-A244-05CF8DCD6CF7}"
EndProject
Global
	GlobalSection(SolutionConfigurationPlatforms) = preSolution
		Debug|x64 = Debug|x64
		Debug|x86 = Debug|x86
		Release|x64 = Release|x64
		Release|x86 = Release|x86
	EndGlobalSection
	GlobalSection(ProjectConfigurationPlatforms) = postSolution
		{018D82E5-CECE-4BD5-A244-05CF8DCD6CF7}.Debug|x64.ActiveCfg = Debug|x64
		{018D82E5-CECE-4BD5-A244-05CF8DCD6CF7}.Debug|x64.Build.0 = Debug|x64
		{018D82E5-CECE-4BD5-A244-05CF8DCD6CF7}.Debug|x86.ActiveCfg = Debug|Win32
		{018D82E5-CECE-4BD5-A244-05CF8DCD6CF7}.Debug|x86.Build.0 = Debug|Win32
		{018D82E5-CECE-4BD5-A244-05CF8DCD6CF7}.Release|x64.ActiveCfg = Release|x64
		{018D82E5-CECE-4BD5-A244-05CF8DCD6CF7}.Release|x64.Build.0 = Release|x64
		{018D82E5-CECE-4BD5-A244-05CF8DCD6CF7}.Release|x86.ActiveCfg = Release|Win32
		{018D82E5-CECE-4BD5-A244-05CF8DCD6CF7}.Release|x86.Build.0 = Release|Win32
	EndGlobalSection
	GlobalSection(SolutionProperties) = preSolution
		HideSolutionNode = FALSE
	EndGlobalSection
	GlobalSection(ExtensibilityGlobals) = postSolution
		SolutionGuid = {80329620-3C96-4C4F-AE13-92D049C26763}
	EndGlobalSection
EndGlobal
